// !$*UTF8*$!
{
	archiveVersion = 1;
	classes = {
	};
	objectVersion = 46;
	objects = {

/* Begin PBXBuildFile section */
		593268E81BCCD332002AD19D /* AppDelegate.swift in Sources */ = {isa = PBXBuildFile; fileRef = 593268E71BCCD332002AD19D /* AppDelegate.swift */; };
		593268EA1BCCD332002AD19D /* ViewController.swift in Sources */ = {isa = PBXBuildFile; fileRef = 593268E91BCCD332002AD19D /* ViewController.swift */; };
		593268ED1BCCD332002AD19D /* Main.storyboard in Resources */ = {isa = PBXBuildFile; fileRef = 593268EB1BCCD332002AD19D /* Main.storyboard */; };
		593268F01BCCD332002AD19D /* PhotorClient.xcdatamodeld in Sources */ = {isa = PBXBuildFile; fileRef = 593268EE1BCCD332002AD19D /* PhotorClient.xcdatamodeld */; };
		593268F21BCCD332002AD19D /* Assets.xcassets in Resources */ = {isa = PBXBuildFile; fileRef = 593268F11BCCD332002AD19D /* Assets.xcassets */; };
		593268F51BCCD332002AD19D /* LaunchScreen.storyboard in Resources */ = {isa = PBXBuildFile; fileRef = 593268F31BCCD332002AD19D /* LaunchScreen.storyboard */; };
		593269001BCCD332002AD19D /* PhotorClientTests.swift in Sources */ = {isa = PBXBuildFile; fileRef = 593268FF1BCCD332002AD19D /* PhotorClientTests.swift */; };
		5932690B1BCCD332002AD19D /* PhotorClientUITests.swift in Sources */ = {isa = PBXBuildFile; fileRef = 5932690A1BCCD332002AD19D /* PhotorClientUITests.swift */; };
/* End PBXBuildFile section */

/* Begin PBXContainerItemProxy section */
		593268FC1BCCD332002AD19D /* PBXContainerItemProxy */ = {
			isa = PBXContainerItemProxy;
			containerPortal = 593268DC1BCCD332002AD19D /* Project object */;
			proxyType = 1;
			remoteGlobalIDString = 593268E31BCCD332002AD19D;
			remoteInfo = PhotorClient;
		};
		593269071BCCD332002AD19D /* PBXContainerItemProxy */ = {
			isa = PBXContainerItemProxy;
			containerPortal = 593268DC1BCCD332002AD19D /* Project object */;
			proxyType = 1;
			remoteGlobalIDString = 593268E31BCCD332002AD19D;
			remoteInfo = PhotorClient;
		};
/* End PBXContainerItemProxy section */

/* Begin PBXFileReference section */
		593268E41BCCD332002AD19D /* PhotorClient.app */ = {isa = PBXFileReference; explicitFileType = wrapper.application; includeInIndex = 0; path = PhotorClient.app; sourceTree = BUILT_PRODUCTS_DIR; };
		593268E71BCCD332002AD19D /* AppDelegate.swift */ = {isa = PBXFileReference; lastKnownFileType = sourcecode.swift; path = AppDelegate.swift; sourceTree = "<group>"; };
		593268E91BCCD332002AD19D /* ViewController.swift */ = {isa = PBXFileReference; lastKnownFileType = sourcecode.swift; path = ViewController.swift; sourceTree = "<group>"; };
		593268EC1BCCD332002AD19D /* Base */ = {isa = PBXFileReference; lastKnownFileType = file.storyboard; name = Base; path = Base.lproj/Main.storyboard; sourceTree = "<group>"; };
		593268EF1BCCD332002AD19D /* PhotorClient.xcdatamodel */ = {isa = PBXFileReference; lastKnownFileType = wrapper.xcdatamodel; path = PhotorClient.xcdatamodel; sourceTree = "<group>"; };
		593268F11BCCD332002AD19D /* Assets.xcassets */ = {isa = PBXFileReference; lastKnownFileType = folder.assetcatalog; path = Assets.xcassets; sourceTree = "<group>"; };
		593268F41BCCD332002AD19D /* Base */ = {isa = PBXFileReference; lastKnownFileType = file.storyboard; name = Base; path = Base.lproj/LaunchScreen.storyboard; sourceTree = "<group>"; };
		593268F61BCCD332002AD19D /* Info.plist */ = {isa = PBXFileReference; lastKnownFileType = text.plist.xml; path = Info.plist; sourceTree = "<group>"; };
		593268FB1BCCD332002AD19D /* PhotorClientTests.xctest */ = {isa = PBXFileReference; explicitFileType = wrapper.cfbundle; includeInIndex = 0; path = PhotorClientTests.xctest; sourceTree = BUILT_PRODUCTS_DIR; };
		593268FF1BCCD332002AD19D /* PhotorClientTests.swift */ = {isa = PBXFileReference; lastKnownFileType = sourcecode.swift; path = PhotorClientTests.swift; sourceTree = "<group>"; };
		593269011BCCD332002AD19D /* Info.plist */ = {isa = PBXFileReference; lastKnownFileType = text.plist.xml; path = Info.plist; sourceTree = "<group>"; };
		593269061BCCD332002AD19D /* PhotorClientUITests.xctest */ = {isa = PBXFileReference; explicitFileType = wrapper.cfbundle; includeInIndex = 0; path = PhotorClientUITests.xctest; sourceTree = BUILT_PRODUCTS_DIR; };
		5932690A1BCCD332002AD19D /* PhotorClientUITests.swift */ = {isa = PBXFileReference; lastKnownFileType = sourcecode.swift; path = PhotorClientUITests.swift; sourceTree = "<group>"; };
		5932690C1BCCD332002AD19D /* Info.plist */ = {isa = PBXFileReference; lastKnownFileType = text.plist.xml; path = Info.plist; sourceTree = "<group>"; };
/* End PBXFileReference section */

/* Begin PBXFrameworksBuildPhase section */
		593268E11BCCD332002AD19D /* Frameworks */ = {
			isa = PBXFrameworksBuildPhase;
			buildActionMask = 2147483647;
			files = (
			);
			runOnlyForDeploymentPostprocessing = 0;
		};
		593268F81BCCD332002AD19D /* Frameworks */ = {
			isa = PBXFrameworksBuildPhase;
			buildActionMask = 2147483647;
			files = (
			);
			runOnlyForDeploymentPostprocessing = 0;
		};
		593269031BCCD332002AD19D /* Frameworks */ = {
			isa = PBXFrameworksBuildPhase;
			buildActionMask = 2147483647;
			files = (
			);
			runOnlyForDeploymentPostprocessing = 0;
		};
/* End PBXFrameworksBuildPhase section */

/* Begin PBXGroup section */
		593268DB1BCCD332002AD19D = {
			isa = PBXGroup;
			children = (
				593268E61BCCD332002AD19D /* PhotorClient */,
				593268FE1BCCD332002AD19D /* PhotorClientTests */,
				593269091BCCD332002AD19D /* PhotorClientUITests */,
				593268E51BCCD332002AD19D /* Products */,
			);
			sourceTree = "<group>";
		};
		593268E51BCCD332002AD19D /* Products */ = {
			isa = PBXGroup;
			children = (
				593268E41BCCD332002AD19D /* PhotorClient.app */,
				593268FB1BCCD332002AD19D /* PhotorClientTests.xctest */,
				593269061BCCD332002AD19D /* PhotorClientUITests.xctest */,
			);
			name = Products;
			sourceTree = "<group>";
		};
		593268E61BCCD332002AD19D /* PhotorClient */ = {
			isa = PBXGroup;
			children = (
				593268E71BCCD332002AD19D /* AppDelegate.swift */,
				593268E91BCCD332002AD19D /* ViewController.swift */,
				593268EB1BCCD332002AD19D /* Main.storyboard */,
				593268F11BCCD332002AD19D /* Assets.xcassets */,
				593268F31BCCD332002AD19D /* LaunchScreen.storyboard */,
				593268F61BCCD332002AD19D /* Info.plist */,
				593268EE1BCCD332002AD19D /* PhotorClient.xcdatamodeld */,
			);
			path = PhotorClient;
			sourceTree = "<group>";
		};
		593268FE1BCCD332002AD19D /* PhotorClientTests */ = {
			isa = PBXGroup;
			children = (
				593268FF1BCCD332002AD19D /* PhotorClientTests.swift */,
				593269011BCCD332002AD19D /* Info.plist */,
			);
			path = PhotorClientTests;
			sourceTree = "<group>";
		};
		593269091BCCD332002AD19D /* PhotorClientUITests */ = {
			isa = PBXGroup;
			children = (
				5932690A1BCCD332002AD19D /* PhotorClientUITests.swift */,
				5932690C1BCCD332002AD19D /* Info.plist */,
			);
			path = PhotorClientUITests;
			sourceTree = "<group>";
		};
/* End PBXGroup section */

/* Begin PBXNativeTarget section */
		593268E31BCCD332002AD19D /* PhotorClient */ = {
			isa = PBXNativeTarget;
			buildConfigurationList = 5932690F1BCCD332002AD19D /* Build configuration list for PBXNativeTarget "PhotorClient" */;
			buildPhases = (
				593268E01BCCD332002AD19D /* Sources */,
				593268E11BCCD332002AD19D /* Frameworks */,
				593268E21BCCD332002AD19D /* Resources */,
			);
			buildRules = (
			);
			dependencies = (
			);
			name = PhotorClient;
			productName = PhotorClient;
			productReference = 593268E41BCCD332002AD19D /* PhotorClient.app */;
			productType = "com.apple.product-type.application";
		};
		593268FA1BCCD332002AD19D /* PhotorClientTests */ = {
			isa = PBXNativeTarget;
			buildConfigurationList = 593269121BCCD332002AD19D /* Build configuration list for PBXNativeTarget "PhotorClientTests" */;
			buildPhases = (
				593268F71BCCD332002AD19D /* Sources */,
				593268F81BCCD332002AD19D /* Frameworks */,
				593268F91BCCD332002AD19D /* Resources */,
			);
			buildRules = (
			);
			dependencies = (
				593268FD1BCCD332002AD19D /* PBXTargetDependency */,
			);
			name = PhotorClientTests;
			productName = PhotorClientTests;
			productReference = 593268FB1BCCD332002AD19D /* PhotorClientTests.xctest */;
			productType = "com.apple.product-type.bundle.unit-test";
		};
		593269051BCCD332002AD19D /* PhotorClientUITests */ = {
			isa = PBXNativeTarget;
			buildConfigurationList = 593269151BCCD332002AD19D /* Build configuration list for PBXNativeTarget "PhotorClientUITests" */;
			buildPhases = (
				593269021BCCD332002AD19D /* Sources */,
				593269031BCCD332002AD19D /* Frameworks */,
				593269041BCCD332002AD19D /* Resources */,
			);
			buildRules = (
			);
			dependencies = (
				593269081BCCD332002AD19D /* PBXTargetDependency */,
			);
			name = PhotorClientUITests;
			productName = PhotorClientUITests;
			productReference = 593269061BCCD332002AD19D /* PhotorClientUITests.xctest */;
			productType = "com.apple.product-type.bundle.ui-testing";
		};
/* End PBXNativeTarget section */

/* Begin PBXProject section */
		593268DC1BCCD332002AD19D /* Project object */ = {
			isa = PBXProject;
			attributes = {
				LastUpgradeCheck = 0700;
				ORGANIZATIONNAME = "Will Jackson";
				TargetAttributes = {
					593268E31BCCD332002AD19D = {
						CreatedOnToolsVersion = 7.0.1;
					};
					593268FA1BCCD332002AD19D = {
						CreatedOnToolsVersion = 7.0.1;
						TestTargetID = 593268E31BCCD332002AD19D;
					};
					593269051BCCD332002AD19D = {
						CreatedOnToolsVersion = 7.0.1;
						TestTargetID = 593268E31BCCD332002AD19D;
					};
				};
			};
			buildConfigurationList = 593268DF1BCCD332002AD19D /* Build configuration list for PBXProject "PhotorClient" */;
			compatibilityVersion = "Xcode 3.2";
			developmentRegion = English;
			hasScannedForEncodings = 0;
			knownRegions = (
				en,
				Base,
			);
			mainGroup = 593268DB1BCCD332002AD19D;
			productRefGroup = 593268E51BCCD332002AD19D /* Products */;
			projectDirPath = "";
			projectRoot = "";
			targets = (
				593268E31BCCD332002AD19D /* PhotorClient */,
				593268FA1BCCD332002AD19D /* PhotorClientTests */,
				593269051BCCD332002AD19D /* PhotorClientUITests */,
			);
		};
/* End PBXProject section */

/* Begin PBXResourcesBuildPhase section */
		593268E21BCCD332002AD19D /* Resources */ = {
			isa = PBXResourcesBuildPhase;
			buildActionMask = 2147483647;
			files = (
				593268F51BCCD332002AD19D /* LaunchScreen.storyboard in Resources */,
				593268F21BCCD332002AD19D /* Assets.xcassets in Resources */,
				593268ED1BCCD332002AD19D /* Main.storyboard in Resources */,
			);
			runOnlyForDeploymentPostprocessing = 0;
		};
		593268F91BCCD332002AD19D /* Resources */ = {
			isa = PBXResourcesBuildPhase;
			buildActionMask = 2147483647;
			files = (
			);
			runOnlyForDeploymentPostprocessing = 0;
		};
		593269041BCCD332002AD19D /* Resources */ = {
			isa = PBXResourcesBuildPhase;
			buildActionMask = 2147483647;
			files = (
			);
			runOnlyForDeploymentPostprocessing = 0;
		};
/* End PBXResourcesBuildPhase section */

/* Begin PBXSourcesBuildPhase section */
		593268E01BCCD332002AD19D /* Sources */ = {
			isa = PBXSourcesBuildPhase;
			buildActionMask = 2147483647;
			files = (
				593268EA1BCCD332002AD19D /* ViewController.swift in Sources */,
				593268E81BCCD332002AD19D /* AppDelegate.swift in Sources */,
				593268F01BCCD332002AD19D /* PhotorClient.xcdatamodeld in Sources */,
			);
			runOnlyForDeploymentPostprocessing = 0;
		};
		593268F71BCCD332002AD19D /* Sources */ = {
			isa = PBXSourcesBuildPhase;
			buildActionMask = 2147483647;
			files = (
				593269001BCCD332002AD19D /* PhotorClientTests.swift in Sources */,
			);
			runOnlyForDeploymentPostprocessing = 0;
		};
		593269021BCCD332002AD19D /* Sources */ = {
			isa = PBXSourcesBuildPhase;
			buildActionMask = 2147483647;
			files = (
				5932690B1BCCD332002AD19D /* PhotorClientUITests.swift in Sources */,
			);
			runOnlyForDeploymentPostprocessing = 0;
		};
/* End PBXSourcesBuildPhase section */

/* Begin PBXTargetDependency section */
		593268FD1BCCD332002AD19D /* PBXTargetDependency */ = {
			isa = PBXTargetDependency;
			target = 593268E31BCCD332002AD19D /* PhotorClient */;
			targetProxy = 593268FC1BCCD332002AD19D /* PBXContainerItemProxy */;
		};
		593269081BCCD332002AD19D /* PBXTargetDependency */ = {
			isa = PBXTargetDependency;
			target = 593268E31BCCD332002AD19D /* PhotorClient */;
			targetProxy = 593269071BCCD332002AD19D /* PBXContainerItemProxy */;
		};
/* End PBXTargetDependency section */

/* Begin PBXVariantGroup section */
		593268EB1BCCD332002AD19D /* Main.storyboard */ = {
			isa = PBXVariantGroup;
			children = (
				593268EC1BCCD332002AD19D /* Base */,
			);
			name = Main.storyboard;
			sourceTree = "<group>";
		};
		593268F31BCCD332002AD19D /* LaunchScreen.storyboard */ = {
			isa = PBXVariantGroup;
			children = (
				593268F41BCCD332002AD19D /* Base */,
			);
			name = LaunchScreen.storyboard;
			sourceTree = "<group>";
		};
/* End PBXVariantGroup section */

/* Begin XCBuildConfiguration section */
		5932690D1BCCD332002AD19D /* Debug */ = {
			isa = XCBuildConfiguration;
			buildSettings = {
				ALWAYS_SEARCH_USER_PATHS = NO;
				CLANG_CXX_LANGUAGE_STANDARD = "gnu++0x";
				CLANG_CXX_LIBRARY = "libc++";
				CLANG_ENABLE_MODULES = YES;
				CLANG_ENABLE_OBJC_ARC = YES;
				CLANG_WARN_BOOL_CONVERSION = YES;
				CLANG_WARN_CONSTANT_CONVERSION = YES;
				CLANG_WARN_DIRECT_OBJC_ISA_USAGE = YES_ERROR;
				CLANG_WARN_EMPTY_BODY = YES;
				CLANG_WARN_ENUM_CONVERSION = YES;
				CLANG_WARN_INT_CONVERSION = YES;
				CLANG_WARN_OBJC_ROOT_CLASS = YES_ERROR;
				CLANG_WARN_UNREACHABLE_CODE = YES;
				CLANG_WARN__DUPLICATE_METHOD_MATCH = YES;
				"CODE_SIGN_IDENTITY[sdk=iphoneos*]" = "iPhone Developer";
				COPY_PHASE_STRIP = NO;
				DEBUG_INFORMATION_FORMAT = dwarf;
				ENABLE_STRICT_OBJC_MSGSEND = YES;
				ENABLE_TESTABILITY = YES;
				GCC_C_LANGUAGE_STANDARD = gnu99;
				GCC_DYNAMIC_NO_PIC = NO;
				GCC_NO_COMMON_BLOCKS = YES;
				GCC_OPTIMIZATION_LEVEL = 0;
				GCC_PREPROCESSOR_DEFINITIONS = (
					"DEBUG=1",
					"$(inherited)",
				);
				GCC_WARN_64_TO_32_BIT_CONVERSION = YES;
				GCC_WARN_ABOUT_RETURN_TYPE = YES_ERROR;
				GCC_WARN_UNDECLARED_SELECTOR = YES;
				GCC_WARN_UNINITIALIZED_AUTOS = YES_AGGRESSIVE;
				GCC_WARN_UNUSED_FUNCTION = YES;
				GCC_WARN_UNUSED_VARIABLE = YES;
				IPHONEOS_DEPLOYMENT_TARGET = 9.0;
				MTL_ENABLE_DEBUG_INFO = YES;
				ONLY_ACTIVE_ARCH = YES;
				SDKROOT = iphoneos;
				SWIFT_OPTIMIZATION_LEVEL = "-Onone";
			};
			name = Debug;
		};
		5932690E1BCCD332002AD19D /* Release */ = {
			isa = XCBuildConfiguration;
			buildSettings = {
				ALWAYS_SEARCH_USER_PATHS = NO;
				CLANG_CXX_LANGUAGE_STANDARD = "gnu++0x";
				CLANG_CXX_LIBRARY = "libc++";
				CLANG_ENABLE_MODULES = YES;
				CLANG_ENABLE_OBJC_ARC = YES;
				CLANG_WARN_BOOL_CONVERSION = YES;
				CLANG_WARN_CONSTANT_CONVERSION = YES;
				CLANG_WARN_DIRECT_OBJC_ISA_USAGE = YES_ERROR;
				CLANG_WARN_EMPTY_BODY = YES;
				CLANG_WARN_ENUM_CONVERSION = YES;
				CLANG_WARN_INT_CONVERSION = YES;
				CLANG_WARN_OBJC_ROOT_CLASS = YES_ERROR;
				CLANG_WARN_UNREACHABLE_CODE = YES;
				CLANG_WARN__DUPLICATE_METHOD_MATCH = YES;
				"CODE_SIGN_IDENTITY[sdk=iphoneos*]" = "iPhone Developer";
				COPY_PHASE_STRIP = NO;
				DEBUG_INFORMATION_FORMAT = "dwarf-with-dsym";
				ENABLE_NS_ASSERTIONS = NO;
				ENABLE_STRICT_OBJC_MSGSEND = YES;
				GCC_C_LANGUAGE_STANDARD = gnu99;
				GCC_NO_COMMON_BLOCKS = YES;
				GCC_WARN_64_TO_32_BIT_CONVERSION = YES;
				GCC_WARN_ABOUT_RETURN_TYPE = YES_ERROR;
				GCC_WARN_UNDECLARED_SELECTOR = YES;
				GCC_WARN_UNINITIALIZED_AUTOS = YES_AGGRESSIVE;
				GCC_WARN_UNUSED_FUNCTION = YES;
				GCC_WARN_UNUSED_VARIABLE = YES;
				IPHONEOS_DEPLOYMENT_TARGET = 9.0;
				MTL_ENABLE_DEBUG_INFO = NO;
				SDKROOT = iphoneos;
				VALIDATE_PRODUCT = YES;
			};
			name = Release;
		};
		593269101BCCD332002AD19D /* Debug */ = {
			isa = XCBuildConfiguration;
			buildSettings = {
				ASSETCATALOG_COMPILER_APPICON_NAME = AppIcon;
				INFOPLIST_FILE = PhotorClient/Info.plist;
				LD_RUNPATH_SEARCH_PATHS = "$(inherited) @executable_path/Frameworks";
				PRODUCT_BUNDLE_IDENTIFIER = com.herokuapp.obscurespire6277.PhotorClient;
				PRODUCT_NAME = "$(TARGET_NAME)";
			};
			name = Debug;
		};
		593269111BCCD332002AD19D /* Release */ = {
			isa = XCBuildConfiguration;
			buildSettings = {
				ASSETCATALOG_COMPILER_APPICON_NAME = AppIcon;
				INFOPLIST_FILE = PhotorClient/Info.plist;
				LD_RUNPATH_SEARCH_PATHS = "$(inherited) @executable_path/Frameworks";
				PRODUCT_BUNDLE_IDENTIFIER = com.herokuapp.obscurespire6277.PhotorClient;
				PRODUCT_NAME = "$(TARGET_NAME)";
			};
			name = Release;
		};
		593269131BCCD332002AD19D /* Debug */ = {
			isa = XCBuildConfiguration;
			buildSettings = {
				BUNDLE_LOADER = "$(TEST_HOST)";
				INFOPLIST_FILE = PhotorClientTests/Info.plist;
				LD_RUNPATH_SEARCH_PATHS = "$(inherited) @executable_path/Frameworks @loader_path/Frameworks";
				PRODUCT_BUNDLE_IDENTIFIER = com.herokuapp.obscurespire6277.PhotorClientTests;
				PRODUCT_NAME = "$(TARGET_NAME)";
				TEST_HOST = "$(BUILT_PRODUCTS_DIR)/PhotorClient.app/PhotorClient";
			};
			name = Debug;
		};
		593269141BCCD332002AD19D /* Release */ = {
			isa = XCBuildConfiguration;
			buildSettings = {
				BUNDLE_LOADER = "$(TEST_HOST)";
				INFOPLIST_FILE = PhotorClientTests/Info.plist;
				LD_RUNPATH_SEARCH_PATHS = "$(inherited) @executable_path/Frameworks @loader_path/Frameworks";
				PRODUCT_BUNDLE_IDENTIFIER = com.herokuapp.obscurespire6277.PhotorClientTests;
				PRODUCT_NAME = "$(TARGET_NAME)";
				TEST_HOST = "$(BUILT_PRODUCTS_DIR)/PhotorClient.app/PhotorClient";
			};
			name = Release;
		};
		593269161BCCD332002AD19D /* Debug */ = {
			isa = XCBuildConfiguration;
			buildSettings = {
				INFOPLIST_FILE = PhotorClientUITests/Info.plist;
				LD_RUNPATH_SEARCH_PATHS = "$(inherited) @executable_path/Frameworks @loader_path/Frameworks";
				PRODUCT_BUNDLE_IDENTIFIER = com.herokuapp.obscurespire6277.PhotorClientUITests;
				PRODUCT_NAME = "$(TARGET_NAME)";
				TEST_TARGET_NAME = PhotorClient;
				USES_XCTRUNNER = YES;
			};
			name = Debug;
		};
		593269171BCCD332002AD19D /* Release */ = {
			isa = XCBuildConfiguration;
			buildSettings = {
				INFOPLIST_FILE = PhotorClientUITests/Info.plist;
				LD_RUNPATH_SEARCH_PATHS = "$(inherited) @executable_path/Frameworks @loader_path/Frameworks";
				PRODUCT_BUNDLE_IDENTIFIER = com.herokuapp.obscurespire6277.PhotorClientUITests;
				PRODUCT_NAME = "$(TARGET_NAME)";
				TEST_TARGET_NAME = PhotorClient;
				USES_XCTRUNNER = YES;
			};
			name = Release;
		};
/* End XCBuildConfiguration section */

/* Begin XCConfigurationList section */
		593268DF1BCCD332002AD19D /* Build configuration list for PBXProject "PhotorClient" */ = {
			isa = XCConfigurationList;
			buildConfigurations = (
				5932690D1BCCD332002AD19D /* Debug */,
				5932690E1BCCD332002AD19D /* Release */,
			);
			defaultConfigurationIsVisible = 0;
			defaultConfigurationName = Release;
		};
		5932690F1BCCD332002AD19D /* Build configuration list for PBXNativeTarget "PhotorClient" */ = {
			isa = XCConfigurationList;
			buildConfigurations = (
				593269101BCCD332002AD19D /* Debug */,
				593269111BCCD332002AD19D /* Release */,
			);
			defaultConfigurationIsVisible = 0;
		};
		593269121BCCD332002AD19D /* Build configuration list for PBXNativeTarget "PhotorClientTests" */ = {
			isa = XCConfigurationList;
			buildConfigurations = (
				593269131BCCD332002AD19D /* Debug */,
				593269141BCCD332002AD19D /* Release */,
			);
			defaultConfigurationIsVisible = 0;
		};
		593269151BCCD332002AD19D /* Build configuration list for PBXNativeTarget "PhotorClientUITests" */ = {
			isa = XCConfigurationList;
			buildConfigurations = (
				593269161BCCD332002AD19D /* Debug */,
				593269171BCCD332002AD19D /* Release */,
			);
			defaultConfigurationIsVisible = 0;
		};
/* End XCConfigurationList section */

/* Begin XCVersionGroup section */
		593268EE1BCCD332002AD19D /* PhotorClient.xcdatamodeld */ = {
			isa = XCVersionGroup;
			children = (
				593268EF1BCCD332002AD19D /* PhotorClient.xcdatamodel */,
			);
			currentVersion = 593268EF1BCCD332002AD19D /* PhotorClient.xcdatamodel */;
			path = PhotorClient.xcdatamodeld;
			sourceTree = "<group>";
			versionGroupType = wrapper.xcdatamodel;
		};
/* End XCVersionGroup section */
	};
	rootObject = 593268DC1BCCD332002AD19D /* Project object */;
}
